
Microsoft Visual Studio Solution File, Format Version 12.00
# Visual Studio Version 17
VisualStudioVersion = 17.4.33213.308
MinimumVisualStudioVersion = 10.0.40219.1
Project("{FAE04EC0-301F-11D3-BF4B-00C04F79EFBC}") = "EstructuraCondicionalAnidada1", "EstructuraCondicionalAnidada1\EstructuraCondicionalAnidada1.csproj", "{8AC8DAA3-1D42-4955-B7F1-B825719A64AA}"
EndProject
Global
	GlobalSection(SolutionConfigurationPlatforms) = preSolution
		Debug|Any CPU = Debug|Any CPU
		Release|Any CPU = Release|Any CPU
	EndGlobalSection
	GlobalSection(ProjectConfigurationPlatforms) = postSolution
		{8AC8DAA3-1D42-4955-B7F1-B825719A64AA}.Debug|Any CPU.ActiveCfg = Debug|Any CPU
		{8AC8DAA3-1D42-4955-B7F1-B825719A64AA}.Debug|Any CPU.Build.0 = Debug|Any CPU
		{8AC8DAA3-1D42-4955-B7F1-B825719A64AA}.Release|Any CPU.ActiveCfg = Release|Any CPU
		{8AC8DAA3-1D42-4955-B7F1-B825719A64AA}.Release|Any CPU.Build.0 = Release|Any CPU
	EndGlobalSection
	GlobalSection(SolutionProperties) = preSolution
		HideSolutionNode = FALSE
	EndGlobalSection
	GlobalSection(ExtensibilityGlobals) = postSolution
		SolutionGuid = {E60A8439-4FE5-45CD-BEDC-96802F2B70DC}
	EndGlobalSection
EndGlobal
