
Microsoft Visual Studio Solution File, Format Version 12.00
# Visual Studio Version 17
VisualStudioVersion = 17.4.33213.308
MinimumVisualStudioVersion = 10.0.40219.1
Project("{FAE04EC0-301F-11D3-BF4B-00C04F79EFBC}") = "OrdenamientoBurbuja", "OrdenamientoBurbuja\OrdenamientoBurbuja.csproj", "{80AC189D-5852-4B79-A8C0-C5E2227B2095}"
EndProject
Global
	GlobalSection(SolutionConfigurationPlatforms) = preSolution
		Debug|Any CPU = Debug|Any CPU
		Release|Any CPU = Release|Any CPU
	EndGlobalSection
	GlobalSection(ProjectConfigurationPlatforms) = postSolution
		{80AC189D-5852-4B79-A8C0-C5E2227B2095}.Debug|Any CPU.ActiveCfg = Debug|Any CPU
		{80AC189D-5852-4B79-A8C0-C5E2227B2095}.Debug|Any CPU.Build.0 = Debug|Any CPU
		{80AC189D-5852-4B79-A8C0-C5E2227B2095}.Release|Any CPU.ActiveCfg = Release|Any CPU
		{80AC189D-5852-4B79-A8C0-C5E2227B2095}.Release|Any CPU.Build.0 = Release|Any CPU
	EndGlobalSection
	GlobalSection(SolutionProperties) = preSolution
		HideSolutionNode = FALSE
	EndGlobalSection
	GlobalSection(ExtensibilityGlobals) = postSolution
		SolutionGuid = {654E96C3-B698-49F8-A3CE-3FC37884E040}
	EndGlobalSection
EndGlobal
