
Microsoft Visual Studio Solution File, Format Version 12.00
# Visual Studio Version 17
VisualStudioVersion = 17.4.33213.308
MinimumVisualStudioVersion = 10.0.40219.1
Project("{FAE04EC0-301F-11D3-BF4B-00C04F79EFBC}") = "CondicionCompuesta2", "CondicionCompuesta2\CondicionCompuesta2.csproj", "{4F9FAFBE-2C3C-4D9C-A0D7-B9659B8C25F9}"
EndProject
Global
	GlobalSection(SolutionConfigurationPlatforms) = preSolution
		Debug|Any CPU = Debug|Any CPU
		Release|Any CPU = Release|Any CPU
	EndGlobalSection
	GlobalSection(ProjectConfigurationPlatforms) = postSolution
		{4F9FAFBE-2C3C-4D9C-A0D7-B9659B8C25F9}.Debug|Any CPU.ActiveCfg = Debug|Any CPU
		{4F9FAFBE-2C3C-4D9C-A0D7-B9659B8C25F9}.Debug|Any CPU.Build.0 = Debug|Any CPU
		{4F9FAFBE-2C3C-4D9C-A0D7-B9659B8C25F9}.Release|Any CPU.ActiveCfg = Release|Any CPU
		{4F9FAFBE-2C3C-4D9C-A0D7-B9659B8C25F9}.Release|Any CPU.Build.0 = Release|Any CPU
	EndGlobalSection
	GlobalSection(SolutionProperties) = preSolution
		HideSolutionNode = FALSE
	EndGlobalSection
	GlobalSection(ExtensibilityGlobals) = postSolution
		SolutionGuid = {0D2B25B7-292F-4170-A219-0D9D8B6B75CF}
	EndGlobalSection
EndGlobal
