
Microsoft Visual Studio Solution File, Format Version 12.00
# Visual Studio Version 17
VisualStudioVersion = 17.4.33213.308
MinimumVisualStudioVersion = 10.0.40219.1
Project("{FAE04EC0-301F-11D3-BF4B-00C04F79EFBC}") = "Matrices3", "Matrices3\Matrices3.csproj", "{A5E86DF2-EF4F-4AF6-A40F-29F090521A8E}"
EndProject
Global
	GlobalSection(SolutionConfigurationPlatforms) = preSolution
		Debug|Any CPU = Debug|Any CPU
		Release|Any CPU = Release|Any CPU
	EndGlobalSection
	GlobalSection(ProjectConfigurationPlatforms) = postSolution
		{A5E86DF2-EF4F-4AF6-A40F-29F090521A8E}.Debug|Any CPU.ActiveCfg = Debug|Any CPU
		{A5E86DF2-EF4F-4AF6-A40F-29F090521A8E}.Debug|Any CPU.Build.0 = Debug|Any CPU
		{A5E86DF2-EF4F-4AF6-A40F-29F090521A8E}.Release|Any CPU.ActiveCfg = Release|Any CPU
		{A5E86DF2-EF4F-4AF6-A40F-29F090521A8E}.Release|Any CPU.Build.0 = Release|Any CPU
	EndGlobalSection
	GlobalSection(SolutionProperties) = preSolution
		HideSolutionNode = FALSE
	EndGlobalSection
	GlobalSection(ExtensibilityGlobals) = postSolution
		SolutionGuid = {18137ABF-7554-4B6B-BA8F-3731793FCBD2}
	EndGlobalSection
EndGlobal
