
Microsoft Visual Studio Solution File, Format Version 12.00
# Visual Studio Version 17
VisualStudioVersion = 17.4.33213.308
MinimumVisualStudioVersion = 10.0.40219.1
Project("{FAE04EC0-301F-11D3-BF4B-00C04F79EFBC}") = "Matrices2", "Matrices2\Matrices2.csproj", "{9113F9E4-1803-425D-8453-D1D9A5CED5A9}"
EndProject
Global
	GlobalSection(SolutionConfigurationPlatforms) = preSolution
		Debug|Any CPU = Debug|Any CPU
		Release|Any CPU = Release|Any CPU
	EndGlobalSection
	GlobalSection(ProjectConfigurationPlatforms) = postSolution
		{9113F9E4-1803-425D-8453-D1D9A5CED5A9}.Debug|Any CPU.ActiveCfg = Debug|Any CPU
		{9113F9E4-1803-425D-8453-D1D9A5CED5A9}.Debug|Any CPU.Build.0 = Debug|Any CPU
		{9113F9E4-1803-425D-8453-D1D9A5CED5A9}.Release|Any CPU.ActiveCfg = Release|Any CPU
		{9113F9E4-1803-425D-8453-D1D9A5CED5A9}.Release|Any CPU.Build.0 = Release|Any CPU
	EndGlobalSection
	GlobalSection(SolutionProperties) = preSolution
		HideSolutionNode = FALSE
	EndGlobalSection
	GlobalSection(ExtensibilityGlobals) = postSolution
		SolutionGuid = {EF3AB54F-CB77-471B-A8AA-845B00933661}
	EndGlobalSection
EndGlobal
