
Microsoft Visual Studio Solution File, Format Version 12.00
# Visual Studio Version 17
VisualStudioVersion = 17.4.33213.308
MinimumVisualStudioVersion = 10.0.40219.1
Project("{FAE04EC0-301F-11D3-BF4B-00C04F79EFBC}") = "VectoresOrdenamiento", "VectoresOrdenamiento\VectoresOrdenamiento.csproj", "{B4D9F14D-60D8-4AA5-B3C0-A93E88E6AA1E}"
EndProject
Global
	GlobalSection(SolutionConfigurationPlatforms) = preSolution
		Debug|Any CPU = Debug|Any CPU
		Release|Any CPU = Release|Any CPU
	EndGlobalSection
	GlobalSection(ProjectConfigurationPlatforms) = postSolution
		{B4D9F14D-60D8-4AA5-B3C0-A93E88E6AA1E}.Debug|Any CPU.ActiveCfg = Debug|Any CPU
		{B4D9F14D-60D8-4AA5-B3C0-A93E88E6AA1E}.Debug|Any CPU.Build.0 = Debug|Any CPU
		{B4D9F14D-60D8-4AA5-B3C0-A93E88E6AA1E}.Release|Any CPU.ActiveCfg = Release|Any CPU
		{B4D9F14D-60D8-4AA5-B3C0-A93E88E6AA1E}.Release|Any CPU.Build.0 = Release|Any CPU
	EndGlobalSection
	GlobalSection(SolutionProperties) = preSolution
		HideSolutionNode = FALSE
	EndGlobalSection
	GlobalSection(ExtensibilityGlobals) = postSolution
		SolutionGuid = {F9799B18-6286-44E8-93F4-4B8482CFC163}
	EndGlobalSection
EndGlobal
